
Microsoft Visual Studio Solution File, Format Version 12.00
# Visual Studio 14
VisualStudioVersion = 14.0.25123.0
MinimumVisualStudioVersion = 10.0.40219.1
Project("{FAE04EC0-301F-11D3-BF4B-00C04F79EFBC}") = "DAIApplication", "DAIApplication\DAIApplication.csproj", "{EF663C44-3086-43C0-9CA5-0E2D15C929C4}"
EndProject
Project("{FAE04EC0-301F-11D3-BF4B-00C04F79EFBC}") = "DAIApplication.Data", "DAIApplication.Data\DAIApplication.Data.csproj", "{FEABCED6-428E-452A-BC86-4FDFB356E7CD}"
EndProject
Project("{FAE04EC0-301F-11D3-BF4B-00C04F79EFBC}") = "DAIApplication.Services", "DAIApplication.Services\DAIApplication.Services.csproj", "{0286CC19-5960-4CBB-93F6-6C835147711F}"
EndProject
Global
	GlobalSection(SolutionConfigurationPlatforms) = preSolution
		Debug|Any CPU = Debug|Any CPU
		Release|Any CPU = Release|Any CPU
	EndGlobalSection
	GlobalSection(ProjectConfigurationPlatforms) = postSolution
		{EF663C44-3086-43C0-9CA5-0E2D15C929C4}.Debug|Any CPU.ActiveCfg = Debug|Any CPU
		{EF663C44-3086-43C0-9CA5-0E2D15C929C4}.Debug|Any CPU.Build.0 = Debug|Any CPU
		{EF663C44-3086-43C0-9CA5-0E2D15C929C4}.Release|Any CPU.ActiveCfg = Release|Any CPU
		{EF663C44-3086-43C0-9CA5-0E2D15C929C4}.Release|Any CPU.Build.0 = Release|Any CPU
		{FEABCED6-428E-452A-BC86-4FDFB356E7CD}.Debug|Any CPU.ActiveCfg = Debug|Any CPU
		{FEABCED6-428E-452A-BC86-4FDFB356E7CD}.Debug|Any CPU.Build.0 = Debug|Any CPU
		{FEABCED6-428E-452A-BC86-4FDFB356E7CD}.Release|Any CPU.ActiveCfg = Release|Any CPU
		{FEABCED6-428E-452A-BC86-4FDFB356E7CD}.Release|Any CPU.Build.0 = Release|Any CPU
		{0286CC19-5960-4CBB-93F6-6C835147711F}.Debug|Any CPU.ActiveCfg = Debug|Any CPU
		{0286CC19-5960-4CBB-93F6-6C835147711F}.Debug|Any CPU.Build.0 = Debug|Any CPU
		{0286CC19-5960-4CBB-93F6-6C835147711F}.Release|Any CPU.ActiveCfg = Release|Any CPU
		{0286CC19-5960-4CBB-93F6-6C835147711F}.Release|Any CPU.Build.0 = Release|Any CPU
	EndGlobalSection
	GlobalSection(SolutionProperties) = preSolution
		HideSolutionNode = FALSE
	EndGlobalSection
EndGlobal
